
Microsoft Visual Studio Solution File, Format Version 12.00
# Visual Studio 15
VisualStudioVersion = 15.0.27130.2036
MinimumVisualStudioVersion = 10.0.40219.1
Project("{FAE04EC0-301F-11D3-BF4B-00C04F79EFBC}") = "FriendOrganizer.UI", "FriendOrganizer.UI\FriendOrganizer.UI.csproj", "{CC2FA412-5D1D-4F08-A0FE-B64F76AEAC09}"
EndProject
Project("{FAE04EC0-301F-11D3-BF4B-00C04F79EFBC}") = "FriendOrganizer.DataAccess", "FriendOrganizer.DataAccess\FriendOrganizer.DataAccess.csproj", "{BCF802AA-D6ED-4C64-8404-E0AF0C6CEE85}"
EndProject
Project("{FAE04EC0-301F-11D3-BF4B-00C04F79EFBC}") = "FriendOrganizer.Model", "FriendOrganizer.Model\FriendOrganizer.Model.csproj", "{F71C84D0-B449-42AC-A1EE-88BEFEA0EDD0}"
EndProject
Global
	GlobalSection(SolutionConfigurationPlatforms) = preSolution
		Debug|Any CPU = Debug|Any CPU
		Release|Any CPU = Release|Any CPU
	EndGlobalSection
	GlobalSection(ProjectConfigurationPlatforms) = postSolution
		{CC2FA412-5D1D-4F08-A0FE-B64F76AEAC09}.Debug|Any CPU.ActiveCfg = Debug|Any CPU
		{CC2FA412-5D1D-4F08-A0FE-B64F76AEAC09}.Debug|Any CPU.Build.0 = Debug|Any CPU
		{CC2FA412-5D1D-4F08-A0FE-B64F76AEAC09}.Release|Any CPU.ActiveCfg = Release|Any CPU
		{CC2FA412-5D1D-4F08-A0FE-B64F76AEAC09}.Release|Any CPU.Build.0 = Release|Any CPU
		{BCF802AA-D6ED-4C64-8404-E0AF0C6CEE85}.Debug|Any CPU.ActiveCfg = Debug|Any CPU
		{BCF802AA-D6ED-4C64-8404-E0AF0C6CEE85}.Debug|Any CPU.Build.0 = Debug|Any CPU
		{BCF802AA-D6ED-4C64-8404-E0AF0C6CEE85}.Release|Any CPU.ActiveCfg = Release|Any CPU
		{BCF802AA-D6ED-4C64-8404-E0AF0C6CEE85}.Release|Any CPU.Build.0 = Release|Any CPU
		{F71C84D0-B449-42AC-A1EE-88BEFEA0EDD0}.Debug|Any CPU.ActiveCfg = Debug|Any CPU
		{F71C84D0-B449-42AC-A1EE-88BEFEA0EDD0}.Debug|Any CPU.Build.0 = Debug|Any CPU
		{F71C84D0-B449-42AC-A1EE-88BEFEA0EDD0}.Release|Any CPU.ActiveCfg = Release|Any CPU
		{F71C84D0-B449-42AC-A1EE-88BEFEA0EDD0}.Release|Any CPU.Build.0 = Release|Any CPU
	EndGlobalSection
	GlobalSection(SolutionProperties) = preSolution
		HideSolutionNode = FALSE
	EndGlobalSection
	GlobalSection(ExtensibilityGlobals) = postSolution
		SolutionGuid = {F04BD3D4-3315-41C2-B243-B42B8215C80C}
	EndGlobalSection
EndGlobal
